// !$*UTF8*$!
{
	archiveVersion = 1;
	classes = {
	};
	objectVersion = 56;
	objects = {

/* Begin PBXBuildFile section */
		7ACBD2DA29C6AE1F00D43F3F /* AppDelegate.swift in Sources */ = {isa = PBXBuildFile; fileRef = 7ACBD2D929C6AE1F00D43F3F /* AppDelegate.swift */; };
		7ACBD2DC29C6AE1F00D43F3F /* ContentView.swift in Sources */ = {isa = PBXBuildFile; fileRef = 7ACBD2DB29C6AE1F00D43F3F /* ContentView.swift */; };
		7ACBD2DE29C6AE1F00D43F3F /* Experience.rcproject in Sources */ = {isa = PBXBuildFile; fileRef = 7ACBD2DD29C6AE1F00D43F3F /* Experience.rcproject */; };
		7ACBD2E029C6AE1F00D43F3F /* Assets.xcassets in Resources */ = {isa = PBXBuildFile; fileRef = 7ACBD2DF29C6AE1F00D43F3F /* Assets.xcassets */; };
		7ACBD2E329C6AE1F00D43F3F /* Preview Assets.xcassets in Resources */ = {isa = PBXBuildFile; fileRef = 7ACBD2E229C6AE1F00D43F3F /* Preview Assets.xcassets */; };
		7ACBD2ED29C6AE1F00D43F3F /* arse_swiftuiTests.swift in Sources */ = {isa = PBXBuildFile; fileRef = 7ACBD2EC29C6AE1F00D43F3F /* arse_swiftuiTests.swift */; };
		7ACBD2F729C6AE1F00D43F3F /* arse_swiftuiUITests.swift in Sources */ = {isa = PBXBuildFile; fileRef = 7ACBD2F629C6AE1F00D43F3F /* arse_swiftuiUITests.swift */; };
		7ACBD2F929C6AE1F00D43F3F /* arse_swiftuiUITestsLaunchTests.swift in Sources */ = {isa = PBXBuildFile; fileRef = 7ACBD2F829C6AE1F00D43F3F /* arse_swiftuiUITestsLaunchTests.swift */; };
/* End PBXBuildFile section */

/* Begin PBXContainerItemProxy section */
		7ACBD2E929C6AE1F00D43F3F /* PBXContainerItemProxy */ = {
			isa = PBXContainerItemProxy;
			containerPortal = 7ACBD2CE29C6AE1F00D43F3F /* Project object */;
			proxyType = 1;
			remoteGlobalIDString = 7ACBD2D529C6AE1F00D43F3F;
			remoteInfo = "arse-swiftui";
		};
		7ACBD2F329C6AE1F00D43F3F /* PBXContainerItemProxy */ = {
			isa = PBXContainerItemProxy;
			containerPortal = 7ACBD2CE29C6AE1F00D43F3F /* Project object */;
			proxyType = 1;
			remoteGlobalIDString = 7ACBD2D529C6AE1F00D43F3F;
			remoteInfo = "arse-swiftui";
		};
/* End PBXContainerItemProxy section */

/* Begin PBXFileReference section */
		7ACBD2D629C6AE1F00D43F3F /* arse-swiftui.app */ = {isa = PBXFileReference; explicitFileType = wrapper.application; includeInIndex = 0; path = "arse-swiftui.app"; sourceTree = BUILT_PRODUCTS_DIR; };
		7ACBD2D929C6AE1F00D43F3F /* AppDelegate.swift */ = {isa = PBXFileReference; lastKnownFileType = sourcecode.swift; path = AppDelegate.swift; sourceTree = "<group>"; };
		7ACBD2DB29C6AE1F00D43F3F /* ContentView.swift */ = {isa = PBXFileReference; lastKnownFileType = sourcecode.swift; path = ContentView.swift; sourceTree = "<group>"; };
		7ACBD2DD29C6AE1F00D43F3F /* Experience.rcproject */ = {isa = PBXFileReference; lastKnownFileType = file.rcproject; path = Experience.rcproject; sourceTree = "<group>"; };
		7ACBD2DF29C6AE1F00D43F3F /* Assets.xcassets */ = {isa = PBXFileReference; lastKnownFileType = folder.assetcatalog; path = Assets.xcassets; sourceTree = "<group>"; };
		7ACBD2E229C6AE1F00D43F3F /* Preview Assets.xcassets */ = {isa = PBXFileReference; lastKnownFileType = folder.assetcatalog; path = "Preview Assets.xcassets"; sourceTree = "<group>"; };
		7ACBD2E829C6AE1F00D43F3F /* arse-swiftuiTests.xctest */ = {isa = PBXFileReference; explicitFileType = wrapper.cfbundle; includeInIndex = 0; path = "arse-swiftuiTests.xctest"; sourceTree = BUILT_PRODUCTS_DIR; };
		7ACBD2EC29C6AE1F00D43F3F /* arse_swiftuiTests.swift */ = {isa = PBXFileReference; lastKnownFileType = sourcecode.swift; path = arse_swiftuiTests.swift; sourceTree = "<group>"; };
		7ACBD2F229C6AE1F00D43F3F /* arse-swiftuiUITests.xctest */ = {isa = PBXFileReference; explicitFileType = wrapper.cfbundle; includeInIndex = 0; path = "arse-swiftuiUITests.xctest"; sourceTree = BUILT_PRODUCTS_DIR; };
		7ACBD2F629C6AE1F00D43F3F /* arse_swiftuiUITests.swift */ = {isa = PBXFileReference; lastKnownFileType = sourcecode.swift; path = arse_swiftuiUITests.swift; sourceTree = "<group>"; };
		7ACBD2F829C6AE1F00D43F3F /* arse_swiftuiUITestsLaunchTests.swift */ = {isa = PBXFileReference; lastKnownFileType = sourcecode.swift; path = arse_swiftuiUITestsLaunchTests.swift; sourceTree = "<group>"; };
/* End PBXFileReference section */

/* Begin PBXFrameworksBuildPhase section */
		7ACBD2D329C6AE1F00D43F3F /* Frameworks */ = {
			isa = PBXFrameworksBuildPhase;
			buildActionMask = 2147483647;
			files = (
			);
			runOnlyForDeploymentPostprocessing = 0;
		};
		7ACBD2E529C6AE1F00D43F3F /* Frameworks */ = {
			isa = PBXFrameworksBuildPhase;
			buildActionMask = 2147483647;
			files = (
			);
			runOnlyForDeploymentPostprocessing = 0;
		};
		7ACBD2EF29C6AE1F00D43F3F /* Frameworks */ = {
			isa = PBXFrameworksBuildPhase;
			buildActionMask = 2147483647;
			files = (
			);
			runOnlyForDeploymentPostprocessing = 0;
		};
/* End PBXFrameworksBuildPhase section */

/* Begin PBXGroup section */
		7ACBD2CD29C6AE1F00D43F3F = {
			isa = PBXGroup;
			children = (
				7ACBD2D829C6AE1F00D43F3F /* arse-swiftui */,
				7ACBD2EB29C6AE1F00D43F3F /* arse-swiftuiTests */,
				7ACBD2F529C6AE1F00D43F3F /* arse-swiftuiUITests */,
				7ACBD2D729C6AE1F00D43F3F /* Products */,
			);
			sourceTree = "<group>";
		};
		7ACBD2D729C6AE1F00D43F3F /* Products */ = {
			isa = PBXGroup;
			children = (
				7ACBD2D629C6AE1F00D43F3F /* arse-swiftui.app */,
				7ACBD2E829C6AE1F00D43F3F /* arse-swiftuiTests.xctest */,
				7ACBD2F229C6AE1F00D43F3F /* arse-swiftuiUITests.xctest */,
			);
			name = Products;
			sourceTree = "<group>";
		};
		7ACBD2D829C6AE1F00D43F3F /* arse-swiftui */ = {
			isa = PBXGroup;
			children = (
				7ACBD2D929C6AE1F00D43F3F /* AppDelegate.swift */,
				7ACBD2DB29C6AE1F00D43F3F /* ContentView.swift */,
				7ACBD2DD29C6AE1F00D43F3F /* Experience.rcproject */,
				7ACBD2DF29C6AE1F00D43F3F /* Assets.xcassets */,
				7ACBD2E129C6AE1F00D43F3F /* Preview Content */,
			);
			path = "arse-swiftui";
			sourceTree = "<group>";
		};
		7ACBD2E129C6AE1F00D43F3F /* Preview Content */ = {
			isa = PBXGroup;
			children = (
				7ACBD2E229C6AE1F00D43F3F /* Preview Assets.xcassets */,
			);
			path = "Preview Content";
			sourceTree = "<group>";
		};
		7ACBD2EB29C6AE1F00D43F3F /* arse-swiftuiTests */ = {
			isa = PBXGroup;
			children = (
				7ACBD2EC29C6AE1F00D43F3F /* arse_swiftuiTests.swift */,
			);
			path = "arse-swiftuiTests";
			sourceTree = "<group>";
		};
		7ACBD2F529C6AE1F00D43F3F /* arse-swiftuiUITests */ = {
			isa = PBXGroup;
			children = (
				7ACBD2F629C6AE1F00D43F3F /* arse_swiftuiUITests.swift */,
				7ACBD2F829C6AE1F00D43F3F /* arse_swiftuiUITestsLaunchTests.swift */,
			);
			path = "arse-swiftuiUITests";
			sourceTree = "<group>";
		};
/* End PBXGroup section */

/* Begin PBXNativeTarget section */
		7ACBD2D529C6AE1F00D43F3F /* arse-swiftui */ = {
			isa = PBXNativeTarget;
			buildConfigurationList = 7ACBD2FC29C6AE1F00D43F3F /* Build configuration list for PBXNativeTarget "arse-swiftui" */;
			buildPhases = (
				7ACBD2D229C6AE1F00D43F3F /* Sources */,
				7ACBD2D329C6AE1F00D43F3F /* Frameworks */,
				7ACBD2D429C6AE1F00D43F3F /* Resources */,
			);
			buildRules = (
			);
			dependencies = (
			);
			name = "arse-swiftui";
			productName = "arse-swiftui";
			productReference = 7ACBD2D629C6AE1F00D43F3F /* arse-swiftui.app */;
			productType = "com.apple.product-type.application";
		};
		7ACBD2E729C6AE1F00D43F3F /* arse-swiftuiTests */ = {
			isa = PBXNativeTarget;
			buildConfigurationList = 7ACBD2FF29C6AE1F00D43F3F /* Build configuration list for PBXNativeTarget "arse-swiftuiTests" */;
			buildPhases = (
				7ACBD2E429C6AE1F00D43F3F /* Sources */,
				7ACBD2E529C6AE1F00D43F3F /* Frameworks */,
				7ACBD2E629C6AE1F00D43F3F /* Resources */,
			);
			buildRules = (
			);
			dependencies = (
				7ACBD2EA29C6AE1F00D43F3F /* PBXTargetDependency */,
			);
			name = "arse-swiftuiTests";
			productName = "arse-swiftuiTests";
			productReference = 7ACBD2E829C6AE1F00D43F3F /* arse-swiftuiTests.xctest */;
			productType = "com.apple.product-type.bundle.unit-test";
		};
		7ACBD2F129C6AE1F00D43F3F /* arse-swiftuiUITests */ = {
			isa = PBXNativeTarget;
			buildConfigurationList = 7ACBD30229C6AE1F00D43F3F /* Build configuration list for PBXNativeTarget "arse-swiftuiUITests" */;
			buildPhases = (
				7ACBD2EE29C6AE1F00D43F3F /* Sources */,
				7ACBD2EF29C6AE1F00D43F3F /* Frameworks */,
				7ACBD2F029C6AE1F00D43F3F /* Resources */,
			);
			buildRules = (
			);
			dependencies = (
				7ACBD2F429C6AE1F00D43F3F /* PBXTargetDependency */,
			);
			name = "arse-swiftuiUITests";
			productName = "arse-swiftuiUITests";
			productReference = 7ACBD2F229C6AE1F00D43F3F /* arse-swiftuiUITests.xctest */;
			productType = "com.apple.product-type.bundle.ui-testing";
		};
/* End PBXNativeTarget section */

/* Begin PBXProject section */
		7ACBD2CE29C6AE1F00D43F3F /* Project object */ = {
			isa = PBXProject;
			attributes = {
				BuildIndependentTargetsInParallel = 1;
				LastSwiftUpdateCheck = 1420;
				LastUpgradeCheck = 1420;
				TargetAttributes = {
					7ACBD2D529C6AE1F00D43F3F = {
						CreatedOnToolsVersion = 14.2;
					};
					7ACBD2E729C6AE1F00D43F3F = {
						CreatedOnToolsVersion = 14.2;
						TestTargetID = 7ACBD2D529C6AE1F00D43F3F;
					};
					7ACBD2F129C6AE1F00D43F3F = {
						CreatedOnToolsVersion = 14.2;
						TestTargetID = 7ACBD2D529C6AE1F00D43F3F;
					};
				};
			};
			buildConfigurationList = 7ACBD2D129C6AE1F00D43F3F /* Build configuration list for PBXProject "arse-swiftui" */;
			compatibilityVersion = "Xcode 14.0";
			developmentRegion = en;
			hasScannedForEncodings = 0;
			knownRegions = (
				en,
				Base,
			);
			mainGroup = 7ACBD2CD29C6AE1F00D43F3F;
			productRefGroup = 7ACBD2D729C6AE1F00D43F3F /* Products */;
			projectDirPath = "";
			projectRoot = "";
			targets = (
				7ACBD2D529C6AE1F00D43F3F /* arse-swiftui */,
				7ACBD2E729C6AE1F00D43F3F /* arse-swiftuiTests */,
				7ACBD2F129C6AE1F00D43F3F /* arse-swiftuiUITests */,
			);
		};
/* End PBXProject section */

/* Begin PBXResourcesBuildPhase section */
		7ACBD2D429C6AE1F00D43F3F /* Resources */ = {
			isa = PBXResourcesBuildPhase;
			buildActionMask = 2147483647;
			files = (
				7ACBD2E329C6AE1F00D43F3F /* Preview Assets.xcassets in Resources */,
				7ACBD2E029C6AE1F00D43F3F /* Assets.xcassets in Resources */,
			);
			runOnlyForDeploymentPostprocessing = 0;
		};
		7ACBD2E629C6AE1F00D43F3F /* Resources */ = {
			isa = PBXResourcesBuildPhase;
			buildActionMask = 2147483647;
			files = (
			);
			runOnlyForDeploymentPostprocessing = 0;
		};
		7ACBD2F029C6AE1F00D43F3F /* Resources */ = {
			isa = PBXResourcesBuildPhase;
			buildActionMask = 2147483647;
			files = (
			);
			runOnlyForDeploymentPostprocessing = 0;
		};
/* End PBXResourcesBuildPhase section */

/* Begin PBXSourcesBuildPhase section */
		7ACBD2D229C6AE1F00D43F3F /* Sources */ = {
			isa = PBXSourcesBuildPhase;
			buildActionMask = 2147483647;
			files = (
				7ACBD2DC29C6AE1F00D43F3F /* ContentView.swift in Sources */,
				7ACBD2DA29C6AE1F00D43F3F /* AppDelegate.swift in Sources */,
				7ACBD2DE29C6AE1F00D43F3F /* Experience.rcproject in Sources */,
			);
			runOnlyForDeploymentPostprocessing = 0;
		};
		7ACBD2E429C6AE1F00D43F3F /* Sources */ = {
			isa = PBXSourcesBuildPhase;
			buildActionMask = 2147483647;
			files = (
				7ACBD2ED29C6AE1F00D43F3F /* arse_swiftuiTests.swift in Sources */,
			);
			runOnlyForDeploymentPostprocessing = 0;
		};
		7ACBD2EE29C6AE1F00D43F3F /* Sources */ = {
			isa = PBXSourcesBuildPhase;
			buildActionMask = 2147483647;
			files = (
				7ACBD2F729C6AE1F00D43F3F /* arse_swiftuiUITests.swift in Sources */,
				7ACBD2F929C6AE1F00D43F3F /* arse_swiftuiUITestsLaunchTests.swift in Sources */,
			);
			runOnlyForDeploymentPostprocessing = 0;
		};
/* End PBXSourcesBuildPhase section */

/* Begin PBXTargetDependency section */
		7ACBD2EA29C6AE1F00D43F3F /* PBXTargetDependency */ = {
			isa = PBXTargetDependency;
			target = 7ACBD2D529C6AE1F00D43F3F /* arse-swiftui */;
			targetProxy = 7ACBD2E929C6AE1F00D43F3F /* PBXContainerItemProxy */;
		};
		7ACBD2F429C6AE1F00D43F3F /* PBXTargetDependency */ = {
			isa = PBXTargetDependency;
			target = 7ACBD2D529C6AE1F00D43F3F /* arse-swiftui */;
			targetProxy = 7ACBD2F329C6AE1F00D43F3F /* PBXContainerItemProxy */;
		};
/* End PBXTargetDependency section */

/* Begin XCBuildConfiguration section */
		7ACBD2FA29C6AE1F00D43F3F /* Debug */ = {
			isa = XCBuildConfiguration;
			buildSettings = {
				ALWAYS_SEARCH_USER_PATHS = NO;
				CLANG_ANALYZER_NONNULL = YES;
				CLANG_ANALYZER_NUMBER_OBJECT_CONVERSION = YES_AGGRESSIVE;
				CLANG_CXX_LANGUAGE_STANDARD = "gnu++20";
				CLANG_ENABLE_MODULES = YES;
				CLANG_ENABLE_OBJC_ARC = YES;
				CLANG_ENABLE_OBJC_WEAK = YES;
				CLANG_WARN_BLOCK_CAPTURE_AUTORELEASING = YES;
				CLANG_WARN_BOOL_CONVERSION = YES;
				CLANG_WARN_COMMA = YES;
				CLANG_WARN_CONSTANT_CONVERSION = YES;
				CLANG_WARN_DEPRECATED_OBJC_IMPLEMENTATIONS = YES;
				CLANG_WARN_DIRECT_OBJC_ISA_USAGE = YES_ERROR;
				CLANG_WARN_DOCUMENTATION_COMMENTS = YES;
				CLANG_WARN_EMPTY_BODY = YES;
				CLANG_WARN_ENUM_CONVERSION = YES;
				CLANG_WARN_INFINITE_RECURSION = YES;
				CLANG_WARN_INT_CONVERSION = YES;
				CLANG_WARN_NON_LITERAL_NULL_CONVERSION = YES;
				CLANG_WARN_OBJC_IMPLICIT_RETAIN_SELF = YES;
				CLANG_WARN_OBJC_LITERAL_CONVERSION = YES;
				CLANG_WARN_OBJC_ROOT_CLASS = YES_ERROR;
				CLANG_WARN_QUOTED_INCLUDE_IN_FRAMEWORK_HEADER = YES;
				CLANG_WARN_RANGE_LOOP_ANALYSIS = YES;
				CLANG_WARN_STRICT_PROTOTYPES = YES;
				CLANG_WARN_SUSPICIOUS_MOVE = YES;
				CLANG_WARN_UNGUARDED_AVAILABILITY = YES_AGGRESSIVE;
				CLANG_WARN_UNREACHABLE_CODE = YES;
				CLANG_WARN__DUPLICATE_METHOD_MATCH = YES;
				COPY_PHASE_STRIP = NO;
				DEBUG_INFORMATION_FORMAT = dwarf;
				ENABLE_STRICT_OBJC_MSGSEND = YES;
				ENABLE_TESTABILITY = YES;
				GCC_C_LANGUAGE_STANDARD = gnu11;
				GCC_DYNAMIC_NO_PIC = NO;
				GCC_NO_COMMON_BLOCKS = YES;
				GCC_OPTIMIZATION_LEVEL = 0;
				GCC_PREPROCESSOR_DEFINITIONS = (
					"DEBUG=1",
					"$(inherited)",
				);
				GCC_WARN_64_TO_32_BIT_CONVERSION = YES;
				GCC_WARN_ABOUT_RETURN_TYPE = YES_ERROR;
				GCC_WARN_UNDECLARED_SELECTOR = YES;
				GCC_WARN_UNINITIALIZED_AUTOS = YES_AGGRESSIVE;
				GCC_WARN_UNUSED_FUNCTION = YES;
				GCC_WARN_UNUSED_VARIABLE = YES;
				IPHONEOS_DEPLOYMENT_TARGET = 16.2;
				MTL_ENABLE_DEBUG_INFO = INCLUDE_SOURCE;
				MTL_FAST_MATH = YES;
				ONLY_ACTIVE_ARCH = YES;
				SDKROOT = iphoneos;
				SWIFT_ACTIVE_COMPILATION_CONDITIONS = DEBUG;
				SWIFT_OPTIMIZATION_LEVEL = "-Onone";
			};
			name = Debug;
		};
		7ACBD2FB29C6AE1F00D43F3F /* Release */ = {
			isa = XCBuildConfiguration;
			buildSettings = {
				ALWAYS_SEARCH_USER_PATHS = NO;
				CLANG_ANALYZER_NONNULL = YES;
				CLANG_ANALYZER_NUMBER_OBJECT_CONVERSION = YES_AGGRESSIVE;
				CLANG_CXX_LANGUAGE_STANDARD = "gnu++20";
				CLANG_ENABLE_MODULES = YES;
				CLANG_ENABLE_OBJC_ARC = YES;
				CLANG_ENABLE_OBJC_WEAK = YES;
				CLANG_WARN_BLOCK_CAPTURE_AUTORELEASING = YES;
				CLANG_WARN_BOOL_CONVERSION = YES;
				CLANG_WARN_COMMA = YES;
				CLANG_WARN_CONSTANT_CONVERSION = YES;
				CLANG_WARN_DEPRECATED_OBJC_IMPLEMENTATIONS = YES;
				CLANG_WARN_DIRECT_OBJC_ISA_USAGE = YES_ERROR;
				CLANG_WARN_DOCUMENTATION_COMMENTS = YES;
				CLANG_WARN_EMPTY_BODY = YES;
				CLANG_WARN_ENUM_CONVERSION = YES;
				CLANG_WARN_INFINITE_RECURSION = YES;
				CLANG_WARN_INT_CONVERSION = YES;
				CLANG_WARN_NON_LITERAL_NULL_CONVERSION = YES;
				CLANG_WARN_OBJC_IMPLICIT_RETAIN_SELF = YES;
				CLANG_WARN_OBJC_LITERAL_CONVERSION = YES;
				CLANG_WARN_OBJC_ROOT_CLASS = YES_ERROR;
				CLANG_WARN_QUOTED_INCLUDE_IN_FRAMEWORK_HEADER = YES;
				CLANG_WARN_RANGE_LOOP_ANALYSIS = YES;
				CLANG_WARN_STRICT_PROTOTYPES = YES;
				CLANG_WARN_SUSPICIOUS_MOVE = YES;
				CLANG_WARN_UNGUARDED_AVAILABILITY = YES_AGGRESSIVE;
				CLANG_WARN_UNREACHABLE_CODE = YES;
				CLANG_WARN__DUPLICATE_METHOD_MATCH = YES;
				COPY_PHASE_STRIP = NO;
				DEBUG_INFORMATION_FORMAT = "dwarf-with-dsym";
				ENABLE_NS_ASSERTIONS = NO;
				ENABLE_STRICT_OBJC_MSGSEND = YES;
				GCC_C_LANGUAGE_STANDARD = gnu11;
				GCC_NO_COMMON_BLOCKS = YES;
				GCC_WARN_64_TO_32_BIT_CONVERSION = YES;
				GCC_WARN_ABOUT_RETURN_TYPE = YES_ERROR;
				GCC_WARN_UNDECLARED_SELECTOR = YES;
				GCC_WARN_UNINITIALIZED_AUTOS = YES_AGGRESSIVE;
				GCC_WARN_UNUSED_FUNCTION = YES;
				GCC_WARN_UNUSED_VARIABLE = YES;
				IPHONEOS_DEPLOYMENT_TARGET = 16.2;
				MTL_ENABLE_DEBUG_INFO = NO;
				MTL_FAST_MATH = YES;
				SDKROOT = iphoneos;
				SWIFT_COMPILATION_MODE = wholemodule;
				SWIFT_OPTIMIZATION_LEVEL = "-O";
				VALIDATE_PRODUCT = YES;
			};
			name = Release;
		};
		7ACBD2FD29C6AE1F00D43F3F /* Debug */ = {
			isa = XCBuildConfiguration;
			buildSettings = {
				ASSETCATALOG_COMPILER_APPICON_NAME = AppIcon;
				ASSETCATALOG_COMPILER_GLOBAL_ACCENT_COLOR_NAME = AccentColor;
				CODE_SIGN_STYLE = Automatic;
				CURRENT_PROJECT_VERSION = 1;
				DEVELOPMENT_ASSET_PATHS = "\"arse-swiftui/Preview Content\"";
				ENABLE_PREVIEWS = YES;
				GENERATE_INFOPLIST_FILE = YES;
				INFOPLIST_KEY_NSCameraUsageDescription = "";
				INFOPLIST_KEY_UIApplicationSupportsIndirectInputEvents = YES;
				INFOPLIST_KEY_UILaunchScreen_Generation = YES;
				INFOPLIST_KEY_UIRequiredDeviceCapabilities = arkit;
				INFOPLIST_KEY_UIStatusBarHidden = YES;
				INFOPLIST_KEY_UISupportedInterfaceOrientations_iPad = "UIInterfaceOrientationPortrait UIInterfaceOrientationPortraitUpsideDown UIInterfaceOrientationLandscapeLeft UIInterfaceOrientationLandscapeRight";
				INFOPLIST_KEY_UISupportedInterfaceOrientations_iPhone = "UIInterfaceOrientationPortrait UIInterfaceOrientationLandscapeLeft UIInterfaceOrientationLandscapeRight";
				LD_RUNPATH_SEARCH_PATHS = (
					"$(inherited)",
					"@executable_path/Frameworks",
				);
				MARKETING_VERSION = 1.0;
				PRODUCT_BUNDLE_IDENTIFIER = "ARSE.arse-swiftui";
				PRODUCT_NAME = "$(TARGET_NAME)";
				SWIFT_EMIT_LOC_STRINGS = YES;
				SWIFT_VERSION = 5.0;
				TARGETED_DEVICE_FAMILY = "1,2";
			};
			name = Debug;
		};
		7ACBD2FE29C6AE1F00D43F3F /* Release */ = {
			isa = XCBuildConfiguration;
			buildSettings = {
				ASSETCATALOG_COMPILER_APPICON_NAME = AppIcon;
				ASSETCATALOG_COMPILER_GLOBAL_ACCENT_COLOR_NAME = AccentColor;
				CODE_SIGN_STYLE = Automatic;
				CURRENT_PROJECT_VERSION = 1;
				DEVELOPMENT_ASSET_PATHS = "\"arse-swiftui/Preview Content\"";
				ENABLE_PREVIEWS = YES;
				GENERATE_INFOPLIST_FILE = YES;
				INFOPLIST_KEY_NSCameraUsageDescription = "";
				INFOPLIST_KEY_UIApplicationSupportsIndirectInputEvents = YES;
				INFOPLIST_KEY_UILaunchScreen_Generation = YES;
				INFOPLIST_KEY_UIRequiredDeviceCapabilities = arkit;
				INFOPLIST_KEY_UIStatusBarHidden = YES;
				INFOPLIST_KEY_UISupportedInterfaceOrientations_iPad = "UIInterfaceOrientationPortrait UIInterfaceOrientationPortraitUpsideDown UIInterfaceOrientationLandscapeLeft UIInterfaceOrientationLandscapeRight";
				INFOPLIST_KEY_UISupportedInterfaceOrientations_iPhone = "UIInterfaceOrientationPortrait UIInterfaceOrientationLandscapeLeft UIInterfaceOrientationLandscapeRight";
				LD_RUNPATH_SEARCH_PATHS = (
					"$(inherited)",
					"@executable_path/Frameworks",
				);
				MARKETING_VERSION = 1.0;
				PRODUCT_BUNDLE_IDENTIFIER = "ARSE.arse-swiftui";
				PRODUCT_NAME = "$(TARGET_NAME)";
				SWIFT_EMIT_LOC_STRINGS = YES;
				SWIFT_VERSION = 5.0;
				TARGETED_DEVICE_FAMILY = "1,2";
			};
			name = Release;
		};
		7ACBD30029C6AE1F00D43F3F /* Debug */ = {
			isa = XCBuildConfiguration;
			buildSettings = {
				ALWAYS_EMBED_SWIFT_STANDARD_LIBRARIES = YES;
				BUNDLE_LOADER = "$(TEST_HOST)";
				CODE_SIGN_STYLE = Automatic;
				CURRENT_PROJECT_VERSION = 1;
				GENERATE_INFOPLIST_FILE = YES;
				IPHONEOS_DEPLOYMENT_TARGET = 16.2;
				MARKETING_VERSION = 1.0;
				PRODUCT_BUNDLE_IDENTIFIER = "ARSE.arse-swiftuiTests";
				PRODUCT_NAME = "$(TARGET_NAME)";
				SWIFT_EMIT_LOC_STRINGS = NO;
				SWIFT_VERSION = 5.0;
				TARGETED_DEVICE_FAMILY = "1,2";
				TEST_HOST = "$(BUILT_PRODUCTS_DIR)/arse-swiftui.app/$(BUNDLE_EXECUTABLE_FOLDER_PATH)/arse-swiftui";
			};
			name = Debug;
		};
		7ACBD30129C6AE1F00D43F3F /* Release */ = {
			isa = XCBuildConfiguration;
			buildSettings = {
				ALWAYS_EMBED_SWIFT_STANDARD_LIBRARIES = YES;
				BUNDLE_LOADER = "$(TEST_HOST)";
				CODE_SIGN_STYLE = Automatic;
				CURRENT_PROJECT_VERSION = 1;
				GENERATE_INFOPLIST_FILE = YES;
				IPHONEOS_DEPLOYMENT_TARGET = 16.2;
				MARKETING_VERSION = 1.0;
				PRODUCT_BUNDLE_IDENTIFIER = "ARSE.arse-swiftuiTests";
				PRODUCT_NAME = "$(TARGET_NAME)";
				SWIFT_EMIT_LOC_STRINGS = NO;
				SWIFT_VERSION = 5.0;
				TARGETED_DEVICE_FAMILY = "1,2";
				TEST_HOST = "$(BUILT_PRODUCTS_DIR)/arse-swiftui.app/$(BUNDLE_EXECUTABLE_FOLDER_PATH)/arse-swiftui";
			};
			name = Release;
		};
		7ACBD30329C6AE1F00D43F3F /* Debug */ = {
			isa = XCBuildConfiguration;
			buildSettings = {
				ALWAYS_EMBED_SWIFT_STANDARD_LIBRARIES = YES;
				CODE_SIGN_STYLE = Automatic;
				CURRENT_PROJECT_VERSION = 1;
				GENERATE_INFOPLIST_FILE = YES;
				MARKETING_VERSION = 1.0;
				PRODUCT_BUNDLE_IDENTIFIER = "ARSE.arse-swiftuiUITests";
				PRODUCT_NAME = "$(TARGET_NAME)";
				SWIFT_EMIT_LOC_STRINGS = NO;
				SWIFT_VERSION = 5.0;
				TARGETED_DEVICE_FAMILY = "1,2";
				TEST_TARGET_NAME = "arse-swiftui";
			};
			name = Debug;
		};
		7ACBD30429C6AE1F00D43F3F /* Release */ = {
			isa = XCBuildConfiguration;
			buildSettings = {
				ALWAYS_EMBED_SWIFT_STANDARD_LIBRARIES = YES;
				CODE_SIGN_STYLE = Automatic;
				CURRENT_PROJECT_VERSION = 1;
				GENERATE_INFOPLIST_FILE = YES;
				MARKETING_VERSION = 1.0;
				PRODUCT_BUNDLE_IDENTIFIER = "ARSE.arse-swiftuiUITests";
				PRODUCT_NAME = "$(TARGET_NAME)";
				SWIFT_EMIT_LOC_STRINGS = NO;
				SWIFT_VERSION = 5.0;
				TARGETED_DEVICE_FAMILY = "1,2";
				TEST_TARGET_NAME = "arse-swiftui";
			};
			name = Release;
		};
/* End XCBuildConfiguration section */

/* Begin XCConfigurationList section */
		7ACBD2D129C6AE1F00D43F3F /* Build configuration list for PBXProject "arse-swiftui" */ = {
			isa = XCConfigurationList;
			buildConfigurations = (
				7ACBD2FA29C6AE1F00D43F3F /* Debug */,
				7ACBD2FB29C6AE1F00D43F3F /* Release */,
			);
			defaultConfigurationIsVisible = 0;
			defaultConfigurationName = Release;
		};
		7ACBD2FC29C6AE1F00D43F3F /* Build configuration list for PBXNativeTarget "arse-swiftui" */ = {
			isa = XCConfigurationList;
			buildConfigurations = (
				7ACBD2FD29C6AE1F00D43F3F /* Debug */,
				7ACBD2FE29C6AE1F00D43F3F /* Release */,
			);
			defaultConfigurationIsVisible = 0;
			defaultConfigurationName = Release;
		};
		7ACBD2FF29C6AE1F00D43F3F /* Build configuration list for PBXNativeTarget "arse-swiftuiTests" */ = {
			isa = XCConfigurationList;
			buildConfigurations = (
				7ACBD30029C6AE1F00D43F3F /* Debug */,
				7ACBD30129C6AE1F00D43F3F /* Release */,
			);
			defaultConfigurationIsVisible = 0;
			defaultConfigurationName = Release;
		};
		7ACBD30229C6AE1F00D43F3F /* Build configuration list for PBXNativeTarget "arse-swiftuiUITests" */ = {
			isa = XCConfigurationList;
			buildConfigurations = (
				7ACBD30329C6AE1F00D43F3F /* Debug */,
				7ACBD30429C6AE1F00D43F3F /* Release */,
			);
			defaultConfigurationIsVisible = 0;
			defaultConfigurationName = Release;
		};
/* End XCConfigurationList section */
	};
	rootObject = 7ACBD2CE29C6AE1F00D43F3F /* Project object */;
}
